
Microsoft Visual Studio Solution File, Format Version 12.00
# Visual Studio 15
VisualStudioVersion = 15.0.28307.572
MinimumVisualStudioVersion = 10.0.40219.1
Project("{FAE04EC0-301F-11D3-BF4B-00C04F79EFBC}") = "foodweb", "foodweb\foodweb.csproj", "{B53CE30C-409F-4008-9E3D-ABF016D8204F}"
EndProject
Global
	GlobalSection(SolutionConfigurationPlatforms) = preSolution
		Debug|Any CPU = Debug|Any CPU
		Release|Any CPU = Release|Any CPU
	EndGlobalSection
	GlobalSection(ProjectConfigurationPlatforms) = postSolution
		{B53CE30C-409F-4008-9E3D-ABF016D8204F}.Debug|Any CPU.ActiveCfg = Debug|Any CPU
		{B53CE30C-409F-4008-9E3D-ABF016D8204F}.Debug|Any CPU.Build.0 = Debug|Any CPU
		{B53CE30C-409F-4008-9E3D-ABF016D8204F}.Release|Any CPU.ActiveCfg = Release|Any CPU
		{B53CE30C-409F-4008-9E3D-ABF016D8204F}.Release|Any CPU.Build.0 = Release|Any CPU
	EndGlobalSection
	GlobalSection(SolutionProperties) = preSolution
		HideSolutionNode = FALSE
	EndGlobalSection
	GlobalSection(ExtensibilityGlobals) = postSolution
		SolutionGuid = {C5615E6A-0860-4233-9B9A-98F0628B5A0B}
	EndGlobalSection
EndGlobal
